
Microsoft Visual Studio Solution File, Format Version 12.00
# Visual Studio Version 16
VisualStudioVersion = 16.0.32228.343
MinimumVisualStudioVersion = 10.0.40219.1
Project("{2150E333-8FDC-42A3-9474-1A3956D46DE8}") = "Enterprise Business Rules", "Enterprise Business Rules", "{FC1DF978-CD2F-4A3F-B2EB-2C5F499D945D}"
EndProject
Project("{2150E333-8FDC-42A3-9474-1A3956D46DE8}") = "Application Bussiness Rules", "Application Bussiness Rules", "{CDE487E4-C05A-4DC1-B40E-AE2DDC536F4F}"
EndProject
Project("{2150E333-8FDC-42A3-9474-1A3956D46DE8}") = "Interface Adapters", "Interface Adapters", "{6FBB1EB7-0074-4A96-948B-5DFB3EAC40A9}"
EndProject
Project("{2150E333-8FDC-42A3-9474-1A3956D46DE8}") = "Framewoks And Drivers", "Framewoks And Drivers", "{EE63C0BB-79DA-473F-B330-1ECD731AC3DA}"
EndProject
Project("{9A19103F-16F7-4668-BE54-9A1E7A4F7556}") = "TestWeelo.Entities", "TestWeelo.Entities\TestWeelo.Entities.csproj", "{EF9A18EC-EEA8-4B19-8B5A-FC0F46BBDFE5}"
EndProject
Project("{9A19103F-16F7-4668-BE54-9A1E7A4F7556}") = "TestWeelo.DTOs", "TestWeelo.DTOs\TestWeelo.DTOs.csproj", "{B5EB802C-A391-4A07-8023-1FD85D76883A}"
EndProject
Project("{2150E333-8FDC-42A3-9474-1A3956D46DE8}") = "Gateways", "Gateways", "{6DF604AE-C8C1-4CEB-8928-B75EA5A5F9B7}"
EndProject
Project("{9A19103F-16F7-4668-BE54-9A1E7A4F7556}") = "TestWeelo.Repositories.EFCore", "TestWeelo.Repositories.EFCore\TestWeelo.Repositories.EFCore.csproj", "{A1AB15A5-961A-454D-9E7A-29553B26F440}"
EndProject
Project("{2150E333-8FDC-42A3-9474-1A3956D46DE8}") = "Controllers", "Controllers", "{08C8B662-4C85-4E94-A195-B17FD760FB59}"
EndProject
Project("{FAE04EC0-301F-11D3-BF4B-00C04F79EFBC}") = "TestWeelo.Controllers", "TestWeelo.Controllers\TestWeelo.Controllers.csproj", "{3B055E0E-2342-4A75-8540-FF2EB8C3FFC6}"
EndProject
Project("{FAE04EC0-301F-11D3-BF4B-00C04F79EFBC}") = "TestWeelo.UseCases", "TestWeelo.UseCases\TestWeelo.UseCases.csproj", "{C0C2DA50-B803-42E3-BC5D-F887E234A893}"
EndProject
Project("{FAE04EC0-301F-11D3-BF4B-00C04F79EFBC}") = "TestWeelo.UseCasesPorts", "TestWeelo.UseCasesPorts\TestWeelo.UseCasesPorts.csproj", "{D6B7E13B-6A49-477F-B47E-45543A889D01}"
EndProject
Project("{2150E333-8FDC-42A3-9474-1A3956D46DE8}") = "Presenters", "Presenters", "{1AFF2566-9B60-4268-91D6-0F51F82FA590}"
EndProject
Project("{FAE04EC0-301F-11D3-BF4B-00C04F79EFBC}") = "TestWeelo.Presenters", "TestWeelo.Presenters\TestWeelo.Presenters.csproj", "{4A720F3F-F2E5-46DF-AE7A-50955C32F008}"
EndProject
Project("{FAE04EC0-301F-11D3-BF4B-00C04F79EFBC}") = "TestWeelo.WebExceptions", "TestWeelo.WebExceptions\TestWeelo.WebExceptions.csproj", "{4FE9E0D6-5900-4551-B319-D5160ABC2BCA}"
EndProject
Project("{2150E333-8FDC-42A3-9474-1A3956D46DE8}") = "UIs", "UIs", "{45A54E4B-2B9A-44B0-BA55-EBE8ADE5D7BF}"
EndProject
Project("{FAE04EC0-301F-11D3-BF4B-00C04F79EFBC}") = "TestWeelo.ApiRest", "TestWeelo.ApiRest\TestWeelo.ApiRest.csproj", "{CB6A42CD-92B1-4CB2-B776-F5797460FCC9}"
EndProject
Project("{FAE04EC0-301F-11D3-BF4B-00C04F79EFBC}") = "TestWeelo.IoC", "TestWeelo.IoC\TestWeelo.IoC.csproj", "{7A18C20C-A6B8-42E0-90B8-4F265196B97D}"
EndProject
Project("{FAE04EC0-301F-11D3-BF4B-00C04F79EFBC}") = "RealEstateWeelo.Repository", "RealEstateWeelo.Repository\RealEstateWeelo.Repository.csproj", "{29321CB5-F24B-4D63-8942-197520E23CAE}"
EndProject
Global
	GlobalSection(SolutionConfigurationPlatforms) = preSolution
		Debug|Any CPU = Debug|Any CPU
		Release|Any CPU = Release|Any CPU
	EndGlobalSection
	GlobalSection(ProjectConfigurationPlatforms) = postSolution
		{EF9A18EC-EEA8-4B19-8B5A-FC0F46BBDFE5}.Debug|Any CPU.ActiveCfg = Debug|Any CPU
		{EF9A18EC-EEA8-4B19-8B5A-FC0F46BBDFE5}.Debug|Any CPU.Build.0 = Debug|Any CPU
		{EF9A18EC-EEA8-4B19-8B5A-FC0F46BBDFE5}.Release|Any CPU.ActiveCfg = Release|Any CPU
		{EF9A18EC-EEA8-4B19-8B5A-FC0F46BBDFE5}.Release|Any CPU.Build.0 = Release|Any CPU
		{B5EB802C-A391-4A07-8023-1FD85D76883A}.Debug|Any CPU.ActiveCfg = Debug|Any CPU
		{B5EB802C-A391-4A07-8023-1FD85D76883A}.Debug|Any CPU.Build.0 = Debug|Any CPU
		{B5EB802C-A391-4A07-8023-1FD85D76883A}.Release|Any CPU.ActiveCfg = Release|Any CPU
		{B5EB802C-A391-4A07-8023-1FD85D76883A}.Release|Any CPU.Build.0 = Release|Any CPU
		{A1AB15A5-961A-454D-9E7A-29553B26F440}.Debug|Any CPU.ActiveCfg = Debug|Any CPU
		{A1AB15A5-961A-454D-9E7A-29553B26F440}.Debug|Any CPU.Build.0 = Debug|Any CPU
		{A1AB15A5-961A-454D-9E7A-29553B26F440}.Release|Any CPU.ActiveCfg = Release|Any CPU
		{A1AB15A5-961A-454D-9E7A-29553B26F440}.Release|Any CPU.Build.0 = Release|Any CPU
		{3B055E0E-2342-4A75-8540-FF2EB8C3FFC6}.Debug|Any CPU.ActiveCfg = Debug|Any CPU
		{3B055E0E-2342-4A75-8540-FF2EB8C3FFC6}.Debug|Any CPU.Build.0 = Debug|Any CPU
		{3B055E0E-2342-4A75-8540-FF2EB8C3FFC6}.Release|Any CPU.ActiveCfg = Release|Any CPU
		{3B055E0E-2342-4A75-8540-FF2EB8C3FFC6}.Release|Any CPU.Build.0 = Release|Any CPU
		{C0C2DA50-B803-42E3-BC5D-F887E234A893}.Debug|Any CPU.ActiveCfg = Debug|Any CPU
		{C0C2DA50-B803-42E3-BC5D-F887E234A893}.Debug|Any CPU.Build.0 = Debug|Any CPU
		{C0C2DA50-B803-42E3-BC5D-F887E234A893}.Release|Any CPU.ActiveCfg = Release|Any CPU
		{C0C2DA50-B803-42E3-BC5D-F887E234A893}.Release|Any CPU.Build.0 = Release|Any CPU
		{D6B7E13B-6A49-477F-B47E-45543A889D01}.Debug|Any CPU.ActiveCfg = Debug|Any CPU
		{D6B7E13B-6A49-477F-B47E-45543A889D01}.Debug|Any CPU.Build.0 = Debug|Any CPU
		{D6B7E13B-6A49-477F-B47E-45543A889D01}.Release|Any CPU.ActiveCfg = Release|Any CPU
		{D6B7E13B-6A49-477F-B47E-45543A889D01}.Release|Any CPU.Build.0 = Release|Any CPU
		{4A720F3F-F2E5-46DF-AE7A-50955C32F008}.Debug|Any CPU.ActiveCfg = Debug|Any CPU
		{4A720F3F-F2E5-46DF-AE7A-50955C32F008}.Debug|Any CPU.Build.0 = Debug|Any CPU
		{4A720F3F-F2E5-46DF-AE7A-50955C32F008}.Release|Any CPU.ActiveCfg = Release|Any CPU
		{4A720F3F-F2E5-46DF-AE7A-50955C32F008}.Release|Any CPU.Build.0 = Release|Any CPU
		{4FE9E0D6-5900-4551-B319-D5160ABC2BCA}.Debug|Any CPU.ActiveCfg = Debug|Any CPU
		{4FE9E0D6-5900-4551-B319-D5160ABC2BCA}.Debug|Any CPU.Build.0 = Debug|Any CPU
		{4FE9E0D6-5900-4551-B319-D5160ABC2BCA}.Release|Any CPU.ActiveCfg = Release|Any CPU
		{4FE9E0D6-5900-4551-B319-D5160ABC2BCA}.Release|Any CPU.Build.0 = Release|Any CPU
		{CB6A42CD-92B1-4CB2-B776-F5797460FCC9}.Debug|Any CPU.ActiveCfg = Debug|Any CPU
		{CB6A42CD-92B1-4CB2-B776-F5797460FCC9}.Debug|Any CPU.Build.0 = Debug|Any CPU
		{CB6A42CD-92B1-4CB2-B776-F5797460FCC9}.Release|Any CPU.ActiveCfg = Release|Any CPU
		{CB6A42CD-92B1-4CB2-B776-F5797460FCC9}.Release|Any CPU.Build.0 = Release|Any CPU
		{7A18C20C-A6B8-42E0-90B8-4F265196B97D}.Debug|Any CPU.ActiveCfg = Debug|Any CPU
		{7A18C20C-A6B8-42E0-90B8-4F265196B97D}.Debug|Any CPU.Build.0 = Debug|Any CPU
		{7A18C20C-A6B8-42E0-90B8-4F265196B97D}.Release|Any CPU.ActiveCfg = Release|Any CPU
		{7A18C20C-A6B8-42E0-90B8-4F265196B97D}.Release|Any CPU.Build.0 = Release|Any CPU
		{29321CB5-F24B-4D63-8942-197520E23CAE}.Debug|Any CPU.ActiveCfg = Debug|Any CPU
		{29321CB5-F24B-4D63-8942-197520E23CAE}.Debug|Any CPU.Build.0 = Debug|Any CPU
		{29321CB5-F24B-4D63-8942-197520E23CAE}.Release|Any CPU.ActiveCfg = Release|Any CPU
		{29321CB5-F24B-4D63-8942-197520E23CAE}.Release|Any CPU.Build.0 = Release|Any CPU
	EndGlobalSection
	GlobalSection(SolutionProperties) = preSolution
		HideSolutionNode = FALSE
	EndGlobalSection
	GlobalSection(NestedProjects) = preSolution
		{EF9A18EC-EEA8-4B19-8B5A-FC0F46BBDFE5} = {FC1DF978-CD2F-4A3F-B2EB-2C5F499D945D}
		{B5EB802C-A391-4A07-8023-1FD85D76883A} = {CDE487E4-C05A-4DC1-B40E-AE2DDC536F4F}
		{6DF604AE-C8C1-4CEB-8928-B75EA5A5F9B7} = {6FBB1EB7-0074-4A96-948B-5DFB3EAC40A9}
		{A1AB15A5-961A-454D-9E7A-29553B26F440} = {6DF604AE-C8C1-4CEB-8928-B75EA5A5F9B7}
		{08C8B662-4C85-4E94-A195-B17FD760FB59} = {6FBB1EB7-0074-4A96-948B-5DFB3EAC40A9}
		{3B055E0E-2342-4A75-8540-FF2EB8C3FFC6} = {08C8B662-4C85-4E94-A195-B17FD760FB59}
		{C0C2DA50-B803-42E3-BC5D-F887E234A893} = {CDE487E4-C05A-4DC1-B40E-AE2DDC536F4F}
		{D6B7E13B-6A49-477F-B47E-45543A889D01} = {CDE487E4-C05A-4DC1-B40E-AE2DDC536F4F}
		{1AFF2566-9B60-4268-91D6-0F51F82FA590} = {6FBB1EB7-0074-4A96-948B-5DFB3EAC40A9}
		{4A720F3F-F2E5-46DF-AE7A-50955C32F008} = {1AFF2566-9B60-4268-91D6-0F51F82FA590}
		{4FE9E0D6-5900-4551-B319-D5160ABC2BCA} = {1AFF2566-9B60-4268-91D6-0F51F82FA590}
		{45A54E4B-2B9A-44B0-BA55-EBE8ADE5D7BF} = {EE63C0BB-79DA-473F-B330-1ECD731AC3DA}
		{CB6A42CD-92B1-4CB2-B776-F5797460FCC9} = {45A54E4B-2B9A-44B0-BA55-EBE8ADE5D7BF}
		{7A18C20C-A6B8-42E0-90B8-4F265196B97D} = {6DF604AE-C8C1-4CEB-8928-B75EA5A5F9B7}
		{29321CB5-F24B-4D63-8942-197520E23CAE} = {6DF604AE-C8C1-4CEB-8928-B75EA5A5F9B7}
	EndGlobalSection
	GlobalSection(ExtensibilityGlobals) = postSolution
		SolutionGuid = {04A9DCE6-93C4-4507-AD7A-2CE5DD8B41AC}
	EndGlobalSection
EndGlobal
